// !$*UTF8*$!
{
	archiveVersion = 1;
	classes = {
	};
	objectVersion = 50;
	objects = {

/* Begin PBXBuildFile section */
		47EBD3A72436B0CB000EA8A0 /* AppDelegate.swift in Sources */ = {isa = PBXBuildFile; fileRef = 47EBD3A62436B0CB000EA8A0 /* AppDelegate.swift */; };
		47EBD3A92436B0CB000EA8A0 /* SceneDelegate.swift in Sources */ = {isa = PBXBuildFile; fileRef = 47EBD3A82436B0CB000EA8A0 /* SceneDelegate.swift */; };
		47EBD3AB2436B0CB000EA8A0 /* ViewController.swift in Sources */ = {isa = PBXBuildFile; fileRef = 47EBD3AA2436B0CB000EA8A0 /* ViewController.swift */; };
		47EBD3AE2436B0CB000EA8A0 /* Main.storyboard in Resources */ = {isa = PBXBuildFile; fileRef = 47EBD3AC2436B0CB000EA8A0 /* Main.storyboard */; };
		47EBD3B02436B0D0000EA8A0 /* Assets.xcassets in Resources */ = {isa = PBXBuildFile; fileRef = 47EBD3AF2436B0D0000EA8A0 /* Assets.xcassets */; };
		47EBD3B32436B0D0000EA8A0 /* LaunchScreen.storyboard in Resources */ = {isa = PBXBuildFile; fileRef = 47EBD3B12436B0D0000EA8A0 /* LaunchScreen.storyboard */; };
		47EBD3BE2436B0D0000EA8A0 /* stackzTests.swift in Sources */ = {isa = PBXBuildFile; fileRef = 47EBD3BD2436B0D0000EA8A0 /* stackzTests.swift */; };
		47EBD3C92436B0D0000EA8A0 /* stackzUITests.swift in Sources */ = {isa = PBXBuildFile; fileRef = 47EBD3C82436B0D0000EA8A0 /* stackzUITests.swift */; };
/* End PBXBuildFile section */

/* Begin PBXContainerItemProxy section */
		47EBD3BA2436B0D0000EA8A0 /* PBXContainerItemProxy */ = {
			isa = PBXContainerItemProxy;
			containerPortal = 47EBD39B2436B0CB000EA8A0 /* Project object */;
			proxyType = 1;
			remoteGlobalIDString = 47EBD3A22436B0CB000EA8A0;
			remoteInfo = stackz;
		};
		47EBD3C52436B0D0000EA8A0 /* PBXContainerItemProxy */ = {
			isa = PBXContainerItemProxy;
			containerPortal = 47EBD39B2436B0CB000EA8A0 /* Project object */;
			proxyType = 1;
			remoteGlobalIDString = 47EBD3A22436B0CB000EA8A0;
			remoteInfo = stackz;
		};
/* End PBXContainerItemProxy section */

/* Begin PBXFileReference section */
		47EBD3A32436B0CB000EA8A0 /* stackz.app */ = {isa = PBXFileReference; explicitFileType = wrapper.application; includeInIndex = 0; path = stackz.app; sourceTree = BUILT_PRODUCTS_DIR; };
		47EBD3A62436B0CB000EA8A0 /* AppDelegate.swift */ = {isa = PBXFileReference; lastKnownFileType = sourcecode.swift; path = AppDelegate.swift; sourceTree = "<group>"; };
		47EBD3A82436B0CB000EA8A0 /* SceneDelegate.swift */ = {isa = PBXFileReference; lastKnownFileType = sourcecode.swift; path = SceneDelegate.swift; sourceTree = "<group>"; };
		47EBD3AA2436B0CB000EA8A0 /* ViewController.swift */ = {isa = PBXFileReference; lastKnownFileType = sourcecode.swift; path = ViewController.swift; sourceTree = "<group>"; };
		47EBD3AD2436B0CB000EA8A0 /* Base */ = {isa = PBXFileReference; lastKnownFileType = file.storyboard; name = Base; path = Base.lproj/Main.storyboard; sourceTree = "<group>"; };
		47EBD3AF2436B0D0000EA8A0 /* Assets.xcassets */ = {isa = PBXFileReference; lastKnownFileType = folder.assetcatalog; path = Assets.xcassets; sourceTree = "<group>"; };
		47EBD3B22436B0D0000EA8A0 /* Base */ = {isa = PBXFileReference; lastKnownFileType = file.storyboard; name = Base; path = Base.lproj/LaunchScreen.storyboard; sourceTree = "<group>"; };
		47EBD3B42436B0D0000EA8A0 /* Info.plist */ = {isa = PBXFileReference; lastKnownFileType = text.plist.xml; path = Info.plist; sourceTree = "<group>"; };
		47EBD3B92436B0D0000EA8A0 /* stackzTests.xctest */ = {isa = PBXFileReference; explicitFileType = wrapper.cfbundle; includeInIndex = 0; path = stackzTests.xctest; sourceTree = BUILT_PRODUCTS_DIR; };
		47EBD3BD2436B0D0000EA8A0 /* stackzTests.swift */ = {isa = PBXFileReference; lastKnownFileType = sourcecode.swift; path = stackzTests.swift; sourceTree = "<group>"; };
		47EBD3BF2436B0D0000EA8A0 /* Info.plist */ = {isa = PBXFileReference; lastKnownFileType = text.plist.xml; path = Info.plist; sourceTree = "<group>"; };
		47EBD3C42436B0D0000EA8A0 /* stackzUITests.xctest */ = {isa = PBXFileReference; explicitFileType = wrapper.cfbundle; includeInIndex = 0; path = stackzUITests.xctest; sourceTree = BUILT_PRODUCTS_DIR; };
		47EBD3C82436B0D0000EA8A0 /* stackzUITests.swift */ = {isa = PBXFileReference; lastKnownFileType = sourcecode.swift; path = stackzUITests.swift; sourceTree = "<group>"; };
		47EBD3CA2436B0D0000EA8A0 /* Info.plist */ = {isa = PBXFileReference; lastKnownFileType = text.plist.xml; path = Info.plist; sourceTree = "<group>"; };
/* End PBXFileReference section */

/* Begin PBXFrameworksBuildPhase section */
		47EBD3A02436B0CB000EA8A0 /* Frameworks */ = {
			isa = PBXFrameworksBuildPhase;
			buildActionMask = 2147483647;
			files = (
			);
			runOnlyForDeploymentPostprocessing = 0;
		};
		47EBD3B62436B0D0000EA8A0 /* Frameworks */ = {
			isa = PBXFrameworksBuildPhase;
			buildActionMask = 2147483647;
			files = (
			);
			runOnlyForDeploymentPostprocessing = 0;
		};
		47EBD3C12436B0D0000EA8A0 /* Frameworks */ = {
			isa = PBXFrameworksBuildPhase;
			buildActionMask = 2147483647;
			files = (
			);
			runOnlyForDeploymentPostprocessing = 0;
		};
/* End PBXFrameworksBuildPhase section */

/* Begin PBXGroup section */
		47EBD39A2436B0CB000EA8A0 = {
			isa = PBXGroup;
			children = (
				47EBD3A52436B0CB000EA8A0 /* stackz */,
				47EBD3BC2436B0D0000EA8A0 /* stackzTests */,
				47EBD3C72436B0D0000EA8A0 /* stackzUITests */,
				47EBD3A42436B0CB000EA8A0 /* Products */,
			);
			sourceTree = "<group>";
		};
		47EBD3A42436B0CB000EA8A0 /* Products */ = {
			isa = PBXGroup;
			children = (
				47EBD3A32436B0CB000EA8A0 /* stackz.app */,
				47EBD3B92436B0D0000EA8A0 /* stackzTests.xctest */,
				47EBD3C42436B0D0000EA8A0 /* stackzUITests.xctest */,
			);
			name = Products;
			sourceTree = "<group>";
		};
		47EBD3A52436B0CB000EA8A0 /* stackz */ = {
			isa = PBXGroup;
			children = (
				47EBD3A62436B0CB000EA8A0 /* AppDelegate.swift */,
				47EBD3A82436B0CB000EA8A0 /* SceneDelegate.swift */,
				47EBD3D82436B6D6000EA8A0 /* Model */,
				47EBD3D62436B6C3000EA8A0 /* ViewControllers */,
				47EBD3D72436B6CF000EA8A0 /* View */,
				47EBD3D92436B6DC000EA8A0 /* Storyboards */,
				47EBD3AF2436B0D0000EA8A0 /* Assets.xcassets */,
				47EBD3B42436B0D0000EA8A0 /* Info.plist */,
			);
			path = stackz;
			sourceTree = "<group>";
		};
		47EBD3BC2436B0D0000EA8A0 /* stackzTests */ = {
			isa = PBXGroup;
			children = (
				47EBD3BD2436B0D0000EA8A0 /* stackzTests.swift */,
				47EBD3BF2436B0D0000EA8A0 /* Info.plist */,
			);
			path = stackzTests;
			sourceTree = "<group>";
		};
		47EBD3C72436B0D0000EA8A0 /* stackzUITests */ = {
			isa = PBXGroup;
			children = (
				47EBD3C82436B0D0000EA8A0 /* stackzUITests.swift */,
				47EBD3CA2436B0D0000EA8A0 /* Info.plist */,
			);
			path = stackzUITests;
			sourceTree = "<group>";
		};
		47EBD3D62436B6C3000EA8A0 /* ViewControllers */ = {
			isa = PBXGroup;
			children = (
				47EBD3AA2436B0CB000EA8A0 /* ViewController.swift */,
			);
			path = ViewControllers;
			sourceTree = "<group>";
		};
		47EBD3D72436B6CF000EA8A0 /* View */ = {
			isa = PBXGroup;
			children = (
			);
			path = View;
			sourceTree = "<group>";
		};
		47EBD3D82436B6D6000EA8A0 /* Model */ = {
			isa = PBXGroup;
			children = (
			);
			path = Model;
			sourceTree = "<group>";
		};
		47EBD3D92436B6DC000EA8A0 /* Storyboards */ = {
			isa = PBXGroup;
			children = (
				47EBD3B12436B0D0000EA8A0 /* LaunchScreen.storyboard */,
				47EBD3AC2436B0CB000EA8A0 /* Main.storyboard */,
			);
			path = Storyboards;
			sourceTree = "<group>";
		};
/* End PBXGroup section */

/* Begin PBXNativeTarget section */
		47EBD3A22436B0CB000EA8A0 /* stackz */ = {
			isa = PBXNativeTarget;
			buildConfigurationList = 47EBD3CD2436B0D0000EA8A0 /* Build configuration list for PBXNativeTarget "stackz" */;
			buildPhases = (
				47EBD39F2436B0CB000EA8A0 /* Sources */,
				47EBD3A02436B0CB000EA8A0 /* Frameworks */,
				47EBD3A12436B0CB000EA8A0 /* Resources */,
			);
			buildRules = (
			);
			dependencies = (
			);
			name = stackz;
			productName = stackz;
			productReference = 47EBD3A32436B0CB000EA8A0 /* stackz.app */;
			productType = "com.apple.product-type.application";
		};
		47EBD3B82436B0D0000EA8A0 /* stackzTests */ = {
			isa = PBXNativeTarget;
			buildConfigurationList = 47EBD3D02436B0D0000EA8A0 /* Build configuration list for PBXNativeTarget "stackzTests" */;
			buildPhases = (
				47EBD3B52436B0D0000EA8A0 /* Sources */,
				47EBD3B62436B0D0000EA8A0 /* Frameworks */,
				47EBD3B72436B0D0000EA8A0 /* Resources */,
			);
			buildRules = (
			);
			dependencies = (
				47EBD3BB2436B0D0000EA8A0 /* PBXTargetDependency */,
			);
			name = stackzTests;
			productName = stackzTests;
			productReference = 47EBD3B92436B0D0000EA8A0 /* stackzTests.xctest */;
			productType = "com.apple.product-type.bundle.unit-test";
		};
		47EBD3C32436B0D0000EA8A0 /* stackzUITests */ = {
			isa = PBXNativeTarget;
			buildConfigurationList = 47EBD3D32436B0D0000EA8A0 /* Build configuration list for PBXNativeTarget "stackzUITests" */;
			buildPhases = (
				47EBD3C02436B0D0000EA8A0 /* Sources */,
				47EBD3C12436B0D0000EA8A0 /* Frameworks */,
				47EBD3C22436B0D0000EA8A0 /* Resources */,
			);
			buildRules = (
			);
			dependencies = (
				47EBD3C62436B0D0000EA8A0 /* PBXTargetDependency */,
			);
			name = stackzUITests;
			productName = stackzUITests;
			productReference = 47EBD3C42436B0D0000EA8A0 /* stackzUITests.xctest */;
			productType = "com.apple.product-type.bundle.ui-testing";
		};
/* End PBXNativeTarget section */

/* Begin PBXProject section */
		47EBD39B2436B0CB000EA8A0 /* Project object */ = {
			isa = PBXProject;
			attributes = {
				LastSwiftUpdateCheck = 1120;
				LastUpgradeCheck = 1120;
				ORGANIZATIONNAME = "James Jung";
				TargetAttributes = {
					47EBD3A22436B0CB000EA8A0 = {
						CreatedOnToolsVersion = 11.2.1;
					};
					47EBD3B82436B0D0000EA8A0 = {
						CreatedOnToolsVersion = 11.2.1;
						TestTargetID = 47EBD3A22436B0CB000EA8A0;
					};
					47EBD3C32436B0D0000EA8A0 = {
						CreatedOnToolsVersion = 11.2.1;
						TestTargetID = 47EBD3A22436B0CB000EA8A0;
					};
				};
			};
			buildConfigurationList = 47EBD39E2436B0CB000EA8A0 /* Build configuration list for PBXProject "stackz" */;
			compatibilityVersion = "Xcode 9.3";
			developmentRegion = en;
			hasScannedForEncodings = 0;
			knownRegions = (
				en,
				Base,
			);
			mainGroup = 47EBD39A2436B0CB000EA8A0;
			productRefGroup = 47EBD3A42436B0CB000EA8A0 /* Products */;
			projectDirPath = "";
			projectRoot = "";
			targets = (
				47EBD3A22436B0CB000EA8A0 /* stackz */,
				47EBD3B82436B0D0000EA8A0 /* stackzTests */,
				47EBD3C32436B0D0000EA8A0 /* stackzUITests */,
			);
		};
/* End PBXProject section */

/* Begin PBXResourcesBuildPhase section */
		47EBD3A12436B0CB000EA8A0 /* Resources */ = {
			isa = PBXResourcesBuildPhase;
			buildActionMask = 2147483647;
			files = (
				47EBD3B32436B0D0000EA8A0 /* LaunchScreen.storyboard in Resources */,
				47EBD3B02436B0D0000EA8A0 /* Assets.xcassets in Resources */,
				47EBD3AE2436B0CB000EA8A0 /* Main.storyboard in Resources */,
			);
			runOnlyForDeploymentPostprocessing = 0;
		};
		47EBD3B72436B0D0000EA8A0 /* Resources */ = {
			isa = PBXResourcesBuildPhase;
			buildActionMask = 2147483647;
			files = (
			);
			runOnlyForDeploymentPostprocessing = 0;
		};
		47EBD3C22436B0D0000EA8A0 /* Resources */ = {
			isa = PBXResourcesBuildPhase;
			buildActionMask = 2147483647;
			files = (
			);
			runOnlyForDeploymentPostprocessing = 0;
		};
/* End PBXResourcesBuildPhase section */

/* Begin PBXSourcesBuildPhase section */
		47EBD39F2436B0CB000EA8A0 /* Sources */ = {
			isa = PBXSourcesBuildPhase;
			buildActionMask = 2147483647;
			files = (
				47EBD3AB2436B0CB000EA8A0 /* ViewController.swift in Sources */,
				47EBD3A72436B0CB000EA8A0 /* AppDelegate.swift in Sources */,
				47EBD3A92436B0CB000EA8A0 /* SceneDelegate.swift in Sources */,
			);
			runOnlyForDeploymentPostprocessing = 0;
		};
		47EBD3B52436B0D0000EA8A0 /* Sources */ = {
			isa = PBXSourcesBuildPhase;
			buildActionMask = 2147483647;
			files = (
				47EBD3BE2436B0D0000EA8A0 /* stackzTests.swift in Sources */,
			);
			runOnlyForDeploymentPostprocessing = 0;
		};
		47EBD3C02436B0D0000EA8A0 /* Sources */ = {
			isa = PBXSourcesBuildPhase;
			buildActionMask = 2147483647;
			files = (
				47EBD3C92436B0D0000EA8A0 /* stackzUITests.swift in Sources */,
			);
			runOnlyForDeploymentPostprocessing = 0;
		};
/* End PBXSourcesBuildPhase section */

/* Begin PBXTargetDependency section */
		47EBD3BB2436B0D0000EA8A0 /* PBXTargetDependency */ = {
			isa = PBXTargetDependency;
			target = 47EBD3A22436B0CB000EA8A0 /* stackz */;
			targetProxy = 47EBD3BA2436B0D0000EA8A0 /* PBXContainerItemProxy */;
		};
		47EBD3C62436B0D0000EA8A0 /* PBXTargetDependency */ = {
			isa = PBXTargetDependency;
			target = 47EBD3A22436B0CB000EA8A0 /* stackz */;
			targetProxy = 47EBD3C52436B0D0000EA8A0 /* PBXContainerItemProxy */;
		};
/* End PBXTargetDependency section */

/* Begin PBXVariantGroup section */
		47EBD3AC2436B0CB000EA8A0 /* Main.storyboard */ = {
			isa = PBXVariantGroup;
			children = (
				47EBD3AD2436B0CB000EA8A0 /* Base */,
			);
			name = Main.storyboard;
			sourceTree = "<group>";
		};
		47EBD3B12436B0D0000EA8A0 /* LaunchScreen.storyboard */ = {
			isa = PBXVariantGroup;
			children = (
				47EBD3B22436B0D0000EA8A0 /* Base */,
			);
			name = LaunchScreen.storyboard;
			sourceTree = "<group>";
		};
/* End PBXVariantGroup section */

/* Begin XCBuildConfiguration section */
		47EBD3CB2436B0D0000EA8A0 /* Debug */ = {
			isa = XCBuildConfiguration;
			buildSettings = {
				ALWAYS_SEARCH_USER_PATHS = NO;
				CLANG_ANALYZER_NONNULL = YES;
				CLANG_ANALYZER_NUMBER_OBJECT_CONVERSION = YES_AGGRESSIVE;
				CLANG_CXX_LANGUAGE_STANDARD = "gnu++14";
				CLANG_CXX_LIBRARY = "libc++";
				CLANG_ENABLE_MODULES = YES;
				CLANG_ENABLE_OBJC_ARC = YES;
				CLANG_ENABLE_OBJC_WEAK = YES;
				CLANG_WARN_BLOCK_CAPTURE_AUTORELEASING = YES;
				CLANG_WARN_BOOL_CONVERSION = YES;
				CLANG_WARN_COMMA = YES;
				CLANG_WARN_CONSTANT_CONVERSION = YES;
				CLANG_WARN_DEPRECATED_OBJC_IMPLEMENTATIONS = YES;
				CLANG_WARN_DIRECT_OBJC_ISA_USAGE = YES_ERROR;
				CLANG_WARN_DOCUMENTATION_COMMENTS = YES;
				CLANG_WARN_EMPTY_BODY = YES;
				CLANG_WARN_ENUM_CONVERSION = YES;
				CLANG_WARN_INFINITE_RECURSION = YES;
				CLANG_WARN_INT_CONVERSION = YES;
				CLANG_WARN_NON_LITERAL_NULL_CONVERSION = YES;
				CLANG_WARN_OBJC_IMPLICIT_RETAIN_SELF = YES;
				CLANG_WARN_OBJC_LITERAL_CONVERSION = YES;
				CLANG_WARN_OBJC_ROOT_CLASS = YES_ERROR;
				CLANG_WARN_RANGE_LOOP_ANALYSIS = YES;
				CLANG_WARN_STRICT_PROTOTYPES = YES;
				CLANG_WARN_SUSPICIOUS_MOVE = YES;
				CLANG_WARN_UNGUARDED_AVAILABILITY = YES_AGGRESSIVE;
				CLANG_WARN_UNREACHABLE_CODE = YES;
				CLANG_WARN__DUPLICATE_METHOD_MATCH = YES;
				COPY_PHASE_STRIP = NO;
				DEBUG_INFORMATION_FORMAT = dwarf;
				ENABLE_STRICT_OBJC_MSGSEND = YES;
				ENABLE_TESTABILITY = YES;
				GCC_C_LANGUAGE_STANDARD = gnu11;
				GCC_DYNAMIC_NO_PIC = NO;
				GCC_NO_COMMON_BLOCKS = YES;
				GCC_OPTIMIZATION_LEVEL = 0;
				GCC_PREPROCESSOR_DEFINITIONS = (
					"DEBUG=1",
					"$(inherited)",
				);
				GCC_WARN_64_TO_32_BIT_CONVERSION = YES;
				GCC_WARN_ABOUT_RETURN_TYPE = YES_ERROR;
				GCC_WARN_UNDECLARED_SELECTOR = YES;
				GCC_WARN_UNINITIALIZED_AUTOS = YES_AGGRESSIVE;
				GCC_WARN_UNUSED_FUNCTION = YES;
				GCC_WARN_UNUSED_VARIABLE = YES;
				IPHONEOS_DEPLOYMENT_TARGET = 13.2;
				MTL_ENABLE_DEBUG_INFO = INCLUDE_SOURCE;
				MTL_FAST_MATH = YES;
				ONLY_ACTIVE_ARCH = YES;
				SDKROOT = iphoneos;
				SWIFT_ACTIVE_COMPILATION_CONDITIONS = DEBUG;
				SWIFT_OPTIMIZATION_LEVEL = "-Onone";
			};
			name = Debug;
		};
		47EBD3CC2436B0D0000EA8A0 /* Release */ = {
			isa = XCBuildConfiguration;
			buildSettings = {
				ALWAYS_SEARCH_USER_PATHS = NO;
				CLANG_ANALYZER_NONNULL = YES;
				CLANG_ANALYZER_NUMBER_OBJECT_CONVERSION = YES_AGGRESSIVE;
				CLANG_CXX_LANGUAGE_STANDARD = "gnu++14";
				CLANG_CXX_LIBRARY = "libc++";
				CLANG_ENABLE_MODULES = YES;
				CLANG_ENABLE_OBJC_ARC = YES;
				CLANG_ENABLE_OBJC_WEAK = YES;
				CLANG_WARN_BLOCK_CAPTURE_AUTORELEASING = YES;
				CLANG_WARN_BOOL_CONVERSION = YES;
				CLANG_WARN_COMMA = YES;
				CLANG_WARN_CONSTANT_CONVERSION = YES;
				CLANG_WARN_DEPRECATED_OBJC_IMPLEMENTATIONS = YES;
				CLANG_WARN_DIRECT_OBJC_ISA_USAGE = YES_ERROR;
				CLANG_WARN_DOCUMENTATION_COMMENTS = YES;
				CLANG_WARN_EMPTY_BODY = YES;
				CLANG_WARN_ENUM_CONVERSION = YES;
				CLANG_WARN_INFINITE_RECURSION = YES;
				CLANG_WARN_INT_CONVERSION = YES;
				CLANG_WARN_NON_LITERAL_NULL_CONVERSION = YES;
				CLANG_WARN_OBJC_IMPLICIT_RETAIN_SELF = YES;
				CLANG_WARN_OBJC_LITERAL_CONVERSION = YES;
				CLANG_WARN_OBJC_ROOT_CLASS = YES_ERROR;
				CLANG_WARN_RANGE_LOOP_ANALYSIS = YES;
				CLANG_WARN_STRICT_PROTOTYPES = YES;
				CLANG_WARN_SUSPICIOUS_MOVE = YES;
				CLANG_WARN_UNGUARDED_AVAILABILITY = YES_AGGRESSIVE;
				CLANG_WARN_UNREACHABLE_CODE = YES;
				CLANG_WARN__DUPLICATE_METHOD_MATCH = YES;
				COPY_PHASE_STRIP = NO;
				DEBUG_INFORMATION_FORMAT = "dwarf-with-dsym";
				ENABLE_NS_ASSERTIONS = NO;
				ENABLE_STRICT_OBJC_MSGSEND = YES;
				GCC_C_LANGUAGE_STANDARD = gnu11;
				GCC_NO_COMMON_BLOCKS = YES;
				GCC_WARN_64_TO_32_BIT_CONVERSION = YES;
				GCC_WARN_ABOUT_RETURN_TYPE = YES_ERROR;
				GCC_WARN_UNDECLARED_SELECTOR = YES;
				GCC_WARN_UNINITIALIZED_AUTOS = YES_AGGRESSIVE;
				GCC_WARN_UNUSED_FUNCTION = YES;
				GCC_WARN_UNUSED_VARIABLE = YES;
				IPHONEOS_DEPLOYMENT_TARGET = 13.2;
				MTL_ENABLE_DEBUG_INFO = NO;
				MTL_FAST_MATH = YES;
				SDKROOT = iphoneos;
				SWIFT_COMPILATION_MODE = wholemodule;
				SWIFT_OPTIMIZATION_LEVEL = "-O";
				VALIDATE_PRODUCT = YES;
			};
			name = Release;
		};
		47EBD3CE2436B0D0000EA8A0 /* Debug */ = {
			isa = XCBuildConfiguration;
			buildSettings = {
				ASSETCATALOG_COMPILER_APPICON_NAME = AppIcon;
				CODE_SIGN_STYLE = Automatic;
				INFOPLIST_FILE = stackz/Info.plist;
				LD_RUNPATH_SEARCH_PATHS = (
					"$(inherited)",
					"@executable_path/Frameworks",
				);
				PRODUCT_BUNDLE_IDENTIFIER = James.stackz;
				PRODUCT_NAME = "$(TARGET_NAME)";
				SWIFT_VERSION = 5.0;
				TARGETED_DEVICE_FAMILY = "1,2";
			};
			name = Debug;
		};
		47EBD3CF2436B0D0000EA8A0 /* Release */ = {
			isa = XCBuildConfiguration;
			buildSettings = {
				ASSETCATALOG_COMPILER_APPICON_NAME = AppIcon;
				CODE_SIGN_STYLE = Automatic;
				INFOPLIST_FILE = stackz/Info.plist;
				LD_RUNPATH_SEARCH_PATHS = (
					"$(inherited)",
					"@executable_path/Frameworks",
				);
				PRODUCT_BUNDLE_IDENTIFIER = James.stackz;
				PRODUCT_NAME = "$(TARGET_NAME)";
				SWIFT_VERSION = 5.0;
				TARGETED_DEVICE_FAMILY = "1,2";
			};
			name = Release;
		};
		47EBD3D12436B0D0000EA8A0 /* Debug */ = {
			isa = XCBuildConfiguration;
			buildSettings = {
				ALWAYS_EMBED_SWIFT_STANDARD_LIBRARIES = YES;
				BUNDLE_LOADER = "$(TEST_HOST)";
				CODE_SIGN_STYLE = Automatic;
				INFOPLIST_FILE = stackzTests/Info.plist;
				IPHONEOS_DEPLOYMENT_TARGET = 13.2;
				LD_RUNPATH_SEARCH_PATHS = (
					"$(inherited)",
					"@executable_path/Frameworks",
					"@loader_path/Frameworks",
				);
				PRODUCT_BUNDLE_IDENTIFIER = James.stackzTests;
				PRODUCT_NAME = "$(TARGET_NAME)";
				SWIFT_VERSION = 5.0;
				TARGETED_DEVICE_FAMILY = "1,2";
				TEST_HOST = "$(BUILT_PRODUCTS_DIR)/stackz.app/stackz";
			};
			name = Debug;
		};
		47EBD3D22436B0D0000EA8A0 /* Release */ = {
			isa = XCBuildConfiguration;
			buildSettings = {
				ALWAYS_EMBED_SWIFT_STANDARD_LIBRARIES = YES;
				BUNDLE_LOADER = "$(TEST_HOST)";
				CODE_SIGN_STYLE = Automatic;
				INFOPLIST_FILE = stackzTests/Info.plist;
				IPHONEOS_DEPLOYMENT_TARGET = 13.2;
				LD_RUNPATH_SEARCH_PATHS = (
					"$(inherited)",
					"@executable_path/Frameworks",
					"@loader_path/Frameworks",
				);
				PRODUCT_BUNDLE_IDENTIFIER = James.stackzTests;
				PRODUCT_NAME = "$(TARGET_NAME)";
				SWIFT_VERSION = 5.0;
				TARGETED_DEVICE_FAMILY = "1,2";
				TEST_HOST = "$(BUILT_PRODUCTS_DIR)/stackz.app/stackz";
			};
			name = Release;
		};
		47EBD3D42436B0D0000EA8A0 /* Debug */ = {
			isa = XCBuildConfiguration;
			buildSettings = {
				ALWAYS_EMBED_SWIFT_STANDARD_LIBRARIES = YES;
				CODE_SIGN_STYLE = Automatic;
				INFOPLIST_FILE = stackzUITests/Info.plist;
				LD_RUNPATH_SEARCH_PATHS = (
					"$(inherited)",
					"@executable_path/Frameworks",
					"@loader_path/Frameworks",
				);
				PRODUCT_BUNDLE_IDENTIFIER = James.stackzUITests;
				PRODUCT_NAME = "$(TARGET_NAME)";
				SWIFT_VERSION = 5.0;
				TARGETED_DEVICE_FAMILY = "1,2";
				TEST_TARGET_NAME = stackz;
			};
			name = Debug;
		};
		47EBD3D52436B0D0000EA8A0 /* Release */ = {
			isa = XCBuildConfiguration;
			buildSettings = {
				ALWAYS_EMBED_SWIFT_STANDARD_LIBRARIES = YES;
				CODE_SIGN_STYLE = Automatic;
				INFOPLIST_FILE = stackzUITests/Info.plist;
				LD_RUNPATH_SEARCH_PATHS = (
					"$(inherited)",
					"@executable_path/Frameworks",
					"@loader_path/Frameworks",
				);
				PRODUCT_BUNDLE_IDENTIFIER = James.stackzUITests;
				PRODUCT_NAME = "$(TARGET_NAME)";
				SWIFT_VERSION = 5.0;
				TARGETED_DEVICE_FAMILY = "1,2";
				TEST_TARGET_NAME = stackz;
			};
			name = Release;
		};
/* End XCBuildConfiguration section */

/* Begin XCConfigurationList section */
		47EBD39E2436B0CB000EA8A0 /* Build configuration list for PBXProject "stackz" */ = {
			isa = XCConfigurationList;
			buildConfigurations = (
				47EBD3CB2436B0D0000EA8A0 /* Debug */,
				47EBD3CC2436B0D0000EA8A0 /* Release */,
			);
			defaultConfigurationIsVisible = 0;
			defaultConfigurationName = Release;
		};
		47EBD3CD2436B0D0000EA8A0 /* Build configuration list for PBXNativeTarget "stackz" */ = {
			isa = XCConfigurationList;
			buildConfigurations = (
				47EBD3CE2436B0D0000EA8A0 /* Debug */,
				47EBD3CF2436B0D0000EA8A0 /* Release */,
			);
			defaultConfigurationIsVisible = 0;
			defaultConfigurationName = Release;
		};
		47EBD3D02436B0D0000EA8A0 /* Build configuration list for PBXNativeTarget "stackzTests" */ = {
			isa = XCConfigurationList;
			buildConfigurations = (
				47EBD3D12436B0D0000EA8A0 /* Debug */,
				47EBD3D22436B0D0000EA8A0 /* Release */,
			);
			defaultConfigurationIsVisible = 0;
			defaultConfigurationName = Release;
		};
		47EBD3D32436B0D0000EA8A0 /* Build configuration list for PBXNativeTarget "stackzUITests" */ = {
			isa = XCConfigurationList;
			buildConfigurations = (
				47EBD3D42436B0D0000EA8A0 /* Debug */,
				47EBD3D52436B0D0000EA8A0 /* Release */,
			);
			defaultConfigurationIsVisible = 0;
			defaultConfigurationName = Release;
		};
/* End XCConfigurationList section */
	};
	rootObject = 47EBD39B2436B0CB000EA8A0 /* Project object */;
}
